
Microsoft Visual Studio Solution File, Format Version 12.00
# Visual Studio Version 16
VisualStudioVersion = 16.0.30523.141
MinimumVisualStudioVersion = 10.0.40219.1
Project("{FAE04EC0-301F-11D3-BF4B-00C04F79EFBC}") = "TechnicalTest", "TechnicalTest\TechnicalTest.csproj", "{E357E4B3-B2AB-40E9-ADFF-4117ABCC9EDA}"
EndProject
Global
	GlobalSection(SolutionConfigurationPlatforms) = preSolution
		Debug|Any CPU = Debug|Any CPU
		Release|Any CPU = Release|Any CPU
	EndGlobalSection
	GlobalSection(ProjectConfigurationPlatforms) = postSolution
		{E357E4B3-B2AB-40E9-ADFF-4117ABCC9EDA}.Debug|Any CPU.ActiveCfg = Debug|Any CPU
		{E357E4B3-B2AB-40E9-ADFF-4117ABCC9EDA}.Debug|Any CPU.Build.0 = Debug|Any CPU
		{E357E4B3-B2AB-40E9-ADFF-4117ABCC9EDA}.Release|Any CPU.ActiveCfg = Release|Any CPU
		{E357E4B3-B2AB-40E9-ADFF-4117ABCC9EDA}.Release|Any CPU.Build.0 = Release|Any CPU
	EndGlobalSection
	GlobalSection(SolutionProperties) = preSolution
		HideSolutionNode = FALSE
	EndGlobalSection
	GlobalSection(ExtensibilityGlobals) = postSolution
		SolutionGuid = {8F53F00D-D79E-4DF0-BD7E-CB3118B7A4FF}
	EndGlobalSection
EndGlobal
